
Microsoft Visual Studio Solution File, Format Version 12.00
# Visual Studio Version 17
VisualStudioVersion = 17.0.31903.59
MinimumVisualStudioVersion = 10.0.40219.1
Project("{2150E333-8FDC-42A3-9474-1A3956D46DE8}") = "src", "src", "{60CFF062-BA6D-4079-85FB-38B25CB9E0DB}"
EndProject
Project("{2150E333-8FDC-42A3-9474-1A3956D46DE8}") = "test", "test", "{C7AC2D7A-9AA3-470D-A690-A3B438C84E67}"
EndProject
Project("{2150E333-8FDC-42A3-9474-1A3956D46DE8}") = "Architecture", "Architecture", "{1C8DCBDC-48CE-41CC-A02F-8795F9D58F82}"
EndProject
Project("{2150E333-8FDC-42A3-9474-1A3956D46DE8}") = "Unit", "Unit", "{D5046617-D4F8-4CB2-9587-909566746CD1}"
EndProject
Project("{2150E333-8FDC-42A3-9474-1A3956D46DE8}") = "E2E", "E2E", "{74AF7656-2CA7-4113-BD53-6C445DAB0E07}"
EndProject
Project("{2150E333-8FDC-42A3-9474-1A3956D46DE8}") = "Integration", "Integration", "{7129018B-8C58-4FC9-BEEE-CA2762991B59}"
EndProject
Project("{2150E333-8FDC-42A3-9474-1A3956D46DE8}") = "10_Presentation", "10_Presentation", "{9D887105-841E-479A-BCF3-23F2727B34B1}"
EndProject
Project("{2150E333-8FDC-42A3-9474-1A3956D46DE8}") = "20_Application", "20_Application", "{D2C7368F-4D98-4413-B6FB-DF215B77961B}"
EndProject
Project("{2150E333-8FDC-42A3-9474-1A3956D46DE8}") = "30_Infrastructure", "30_Infrastructure", "{848969E3-C526-448E-837D-0B233DA8C9CF}"
EndProject
Project("{2150E333-8FDC-42A3-9474-1A3956D46DE8}") = "40_Data", "40_Data", "{54ECEAFE-66C4-4E56-BD6B-A510E7A8678C}"
EndProject
Project("{2150E333-8FDC-42A3-9474-1A3956D46DE8}") = "50_Domain", "50_Domain", "{308A7CC9-B52F-48EE-98E7-D8F1F5335DEC}"
EndProject
Project("{FAE04EC0-301F-11D3-BF4B-00C04F79EFBC}") = "CleanArchitectureTemplate.Web", "CleanArchitectureTemplate.Web\CleanArchitectureTemplate.Web.csproj", "{B34AD53C-EE30-41E2-B807-6C7A9B68E00D}"
EndProject
Project("{FAE04EC0-301F-11D3-BF4B-00C04F79EFBC}") = "CleanArchitectureTemplate.Application", "CleanArchitectureTemplate.Application\CleanArchitectureTemplate.Application.csproj", "{97DD2C6C-929B-4E42-9D6D-756E3E5A692E}"
EndProject
Project("{FAE04EC0-301F-11D3-BF4B-00C04F79EFBC}") = "CleanArchitectureTemplate.Infrastructure", "CleanArchitectureTemplate.Infrastructure\CleanArchitectureTemplate.Infrastructure.csproj", "{A0D78424-0BF7-46C9-8DDD-4845E0D7E9C5}"
EndProject
Project("{FAE04EC0-301F-11D3-BF4B-00C04F79EFBC}") = "CleanArchitectureTemplate.Data", "CleanArchitectureTemplate.Data\CleanArchitectureTemplate.Data.csproj", "{D077F095-7EAB-44D6-A064-06290B5F7348}"
EndProject
Project("{FAE04EC0-301F-11D3-BF4B-00C04F79EFBC}") = "CleanArchitectureTemplate.Domain", "CleanArchitectureTemplate.Domain\CleanArchitectureTemplate.Domain.csproj", "{C092D90D-1F28-460C-81C2-EA3CCA529101}"
EndProject
Global
	GlobalSection(SolutionConfigurationPlatforms) = preSolution
		Debug|Any CPU = Debug|Any CPU
		Release|Any CPU = Release|Any CPU
	EndGlobalSection
	GlobalSection(SolutionProperties) = preSolution
		HideSolutionNode = FALSE
	EndGlobalSection
	GlobalSection(NestedProjects) = preSolution
		{1C8DCBDC-48CE-41CC-A02F-8795F9D58F82} = {C7AC2D7A-9AA3-470D-A690-A3B438C84E67}
		{D5046617-D4F8-4CB2-9587-909566746CD1} = {C7AC2D7A-9AA3-470D-A690-A3B438C84E67}
		{74AF7656-2CA7-4113-BD53-6C445DAB0E07} = {C7AC2D7A-9AA3-470D-A690-A3B438C84E67}
		{7129018B-8C58-4FC9-BEEE-CA2762991B59} = {C7AC2D7A-9AA3-470D-A690-A3B438C84E67}
		{9D887105-841E-479A-BCF3-23F2727B34B1} = {60CFF062-BA6D-4079-85FB-38B25CB9E0DB}
		{D2C7368F-4D98-4413-B6FB-DF215B77961B} = {60CFF062-BA6D-4079-85FB-38B25CB9E0DB}
		{848969E3-C526-448E-837D-0B233DA8C9CF} = {60CFF062-BA6D-4079-85FB-38B25CB9E0DB}
		{54ECEAFE-66C4-4E56-BD6B-A510E7A8678C} = {60CFF062-BA6D-4079-85FB-38B25CB9E0DB}
		{308A7CC9-B52F-48EE-98E7-D8F1F5335DEC} = {60CFF062-BA6D-4079-85FB-38B25CB9E0DB}
		{B34AD53C-EE30-41E2-B807-6C7A9B68E00D} = {9D887105-841E-479A-BCF3-23F2727B34B1}
		{97DD2C6C-929B-4E42-9D6D-756E3E5A692E} = {D2C7368F-4D98-4413-B6FB-DF215B77961B}
		{A0D78424-0BF7-46C9-8DDD-4845E0D7E9C5} = {848969E3-C526-448E-837D-0B233DA8C9CF}
		{D077F095-7EAB-44D6-A064-06290B5F7348} = {54ECEAFE-66C4-4E56-BD6B-A510E7A8678C}
		{C092D90D-1F28-460C-81C2-EA3CCA529101} = {308A7CC9-B52F-48EE-98E7-D8F1F5335DEC}
	EndGlobalSection
	GlobalSection(ProjectConfigurationPlatforms) = postSolution
		{B34AD53C-EE30-41E2-B807-6C7A9B68E00D}.Debug|Any CPU.ActiveCfg = Debug|Any CPU
		{B34AD53C-EE30-41E2-B807-6C7A9B68E00D}.Debug|Any CPU.Build.0 = Debug|Any CPU
		{B34AD53C-EE30-41E2-B807-6C7A9B68E00D}.Release|Any CPU.ActiveCfg = Release|Any CPU
		{B34AD53C-EE30-41E2-B807-6C7A9B68E00D}.Release|Any CPU.Build.0 = Release|Any CPU
		{97DD2C6C-929B-4E42-9D6D-756E3E5A692E}.Debug|Any CPU.ActiveCfg = Debug|Any CPU
		{97DD2C6C-929B-4E42-9D6D-756E3E5A692E}.Debug|Any CPU.Build.0 = Debug|Any CPU
		{97DD2C6C-929B-4E42-9D6D-756E3E5A692E}.Release|Any CPU.ActiveCfg = Release|Any CPU
		{97DD2C6C-929B-4E42-9D6D-756E3E5A692E}.Release|Any CPU.Build.0 = Release|Any CPU
		{A0D78424-0BF7-46C9-8DDD-4845E0D7E9C5}.Debug|Any CPU.ActiveCfg = Debug|Any CPU
		{A0D78424-0BF7-46C9-8DDD-4845E0D7E9C5}.Debug|Any CPU.Build.0 = Debug|Any CPU
		{A0D78424-0BF7-46C9-8DDD-4845E0D7E9C5}.Release|Any CPU.ActiveCfg = Release|Any CPU
		{A0D78424-0BF7-46C9-8DDD-4845E0D7E9C5}.Release|Any CPU.Build.0 = Release|Any CPU
		{D077F095-7EAB-44D6-A064-06290B5F7348}.Debug|Any CPU.ActiveCfg = Debug|Any CPU
		{D077F095-7EAB-44D6-A064-06290B5F7348}.Debug|Any CPU.Build.0 = Debug|Any CPU
		{D077F095-7EAB-44D6-A064-06290B5F7348}.Release|Any CPU.ActiveCfg = Release|Any CPU
		{D077F095-7EAB-44D6-A064-06290B5F7348}.Release|Any CPU.Build.0 = Release|Any CPU
		{C092D90D-1F28-460C-81C2-EA3CCA529101}.Debug|Any CPU.ActiveCfg = Debug|Any CPU
		{C092D90D-1F28-460C-81C2-EA3CCA529101}.Debug|Any CPU.Build.0 = Debug|Any CPU
		{C092D90D-1F28-460C-81C2-EA3CCA529101}.Release|Any CPU.ActiveCfg = Release|Any CPU
		{C092D90D-1F28-460C-81C2-EA3CCA529101}.Release|Any CPU.Build.0 = Release|Any CPU
	EndGlobalSection
EndGlobal
